
Microsoft Visual Studio Solution File, Format Version 12.00
# Visual Studio 15
VisualStudioVersion = 15.0.28307.421
MinimumVisualStudioVersion = 10.0.40219.1
Project("{8BC9CEB8-8B4A-11D0-8D11-00A0C91BC942}") = "ro_2018_2019_Lucas", "ro_2018_2019_Lucas.vcxproj", "{F472425B-5704-4D2A-A9D7-9E5BA3CFCDA1}"
EndProject
Global
	GlobalSection(SolutionConfigurationPlatforms) = preSolution
		Debug|x64 = Debug|x64
		Debug|x86 = Debug|x86
		Release|x64 = Release|x64
		Release|x86 = Release|x86
	EndGlobalSection
	GlobalSection(ProjectConfigurationPlatforms) = postSolution
		{F472425B-5704-4D2A-A9D7-9E5BA3CFCDA1}.Debug|x64.ActiveCfg = Debug|x64
		{F472425B-5704-4D2A-A9D7-9E5BA3CFCDA1}.Debug|x64.Build.0 = Debug|x64
		{F472425B-5704-4D2A-A9D7-9E5BA3CFCDA1}.Debug|x86.ActiveCfg = Debug|Win32
		{F472425B-5704-4D2A-A9D7-9E5BA3CFCDA1}.Debug|x86.Build.0 = Debug|Win32
		{F472425B-5704-4D2A-A9D7-9E5BA3CFCDA1}.Release|x64.ActiveCfg = Release|x64
		{F472425B-5704-4D2A-A9D7-9E5BA3CFCDA1}.Release|x64.Build.0 = Release|x64
		{F472425B-5704-4D2A-A9D7-9E5BA3CFCDA1}.Release|x86.ActiveCfg = Release|Win32
		{F472425B-5704-4D2A-A9D7-9E5BA3CFCDA1}.Release|x86.Build.0 = Release|Win32
	EndGlobalSection
	GlobalSection(SolutionProperties) = preSolution
		HideSolutionNode = FALSE
	EndGlobalSection
	GlobalSection(ExtensibilityGlobals) = postSolution
		SolutionGuid = {B7B1757A-ED07-49A9-826A-A98B6F003DFD}
	EndGlobalSection
EndGlobal
